Microsoft Visual Studio Solution File, Format Version 12.00
# Visual Studio Version 17
VisualStudioVersion = 17.5.2.0
MinimumVisualStudioVersion = 10.0.40219.1
Project("{FAE04EC0-301F-11D3-BF4B-00C04F79EFBC}") = "GameStore.Api", "GameStore.Api\GameStore.Api.csproj", "{EFBB7511-5220-172E-FE05-AA1321C715AF}"
EndProject
Project("{FAE04EC0-301F-11D3-BF4B-00C04F79EFBC}") = "HospitalManagement", "HospitalManagement\HospitalManagement.csproj", "{238D9FD2-833D-EDA8-E574-E65F00FF6BD9}"
EndProject
Project("{FAE04EC0-301F-11D3-BF4B-00C04F79EFBC}") = "BankAccountsApp", "BankAccountsApp\BankAccountsApp.csproj", "{C6C43756-905A-3F73-D117-21B6CF8DBC4C}"
EndProject
Project("{FAE04EC0-301F-11D3-BF4B-00C04F79EFBC}") = "Linq", "Linq\Linq.csproj", "{F9F3CF00-D3B1-BEC8-FB7E-1C5A0D628C52}"
EndProject
Project("{FAE04EC0-301F-11D3-BF4B-00C04F79EFBC}") = "AspNetApp", "AspNetApp\AspNetApp.csproj", "{AA143AA6-A3FE-0A2B-FD31-110817B51313}"
EndProject
Project("{FAE04EC0-301F-11D3-BF4B-00C04F79EFBC}") = "todoapp", "todoapp\todoapp.csproj", "{5480FAA2-4085-4140-B92A-C61C23E9C67A}"
EndProject
Project("{FAE04EC0-301F-11D3-BF4B-00C04F79EFBC}") = "GradeChecker", "GradeChecker\GradeChecker.csproj", "{34D0DDA5-2F34-5351-02F3-D2B67E528193}"
EndProject
Global
	GlobalSection(SolutionConfigurationPlatforms) = preSolution
		Debug|Any CPU = Debug|Any CPU
		Release|Any CPU = Release|Any CPU
	EndGlobalSection
	GlobalSection(ProjectConfigurationPlatforms) = postSolution
		{EFBB7511-5220-172E-FE05-AA1321C715AF}.Debug|Any CPU.ActiveCfg = Debug|Any CPU
		{EFBB7511-5220-172E-FE05-AA1321C715AF}.Debug|Any CPU.Build.0 = Debug|Any CPU
		{EFBB7511-5220-172E-FE05-AA1321C715AF}.Release|Any CPU.ActiveCfg = Release|Any CPU
		{EFBB7511-5220-172E-FE05-AA1321C715AF}.Release|Any CPU.Build.0 = Release|Any CPU
		{238D9FD2-833D-EDA8-E574-E65F00FF6BD9}.Debug|Any CPU.ActiveCfg = Debug|Any CPU
		{238D9FD2-833D-EDA8-E574-E65F00FF6BD9}.Debug|Any CPU.Build.0 = Debug|Any CPU
		{238D9FD2-833D-EDA8-E574-E65F00FF6BD9}.Release|Any CPU.ActiveCfg = Release|Any CPU
		{238D9FD2-833D-EDA8-E574-E65F00FF6BD9}.Release|Any CPU.Build.0 = Release|Any CPU
		{C6C43756-905A-3F73-D117-21B6CF8DBC4C}.Debug|Any CPU.ActiveCfg = Debug|Any CPU
		{C6C43756-905A-3F73-D117-21B6CF8DBC4C}.Debug|Any CPU.Build.0 = Debug|Any CPU
		{C6C43756-905A-3F73-D117-21B6CF8DBC4C}.Release|Any CPU.ActiveCfg = Release|Any CPU
		{C6C43756-905A-3F73-D117-21B6CF8DBC4C}.Release|Any CPU.Build.0 = Release|Any CPU
		{F9F3CF00-D3B1-BEC8-FB7E-1C5A0D628C52}.Debug|Any CPU.ActiveCfg = Debug|Any CPU
		{F9F3CF00-D3B1-BEC8-FB7E-1C5A0D628C52}.Debug|Any CPU.Build.0 = Debug|Any CPU
		{F9F3CF00-D3B1-BEC8-FB7E-1C5A0D628C52}.Release|Any CPU.ActiveCfg = Release|Any CPU
		{F9F3CF00-D3B1-BEC8-FB7E-1C5A0D628C52}.Release|Any CPU.Build.0 = Release|Any CPU
		{AA143AA6-A3FE-0A2B-FD31-110817B51313}.Debug|Any CPU.ActiveCfg = Debug|Any CPU
		{AA143AA6-A3FE-0A2B-FD31-110817B51313}.Debug|Any CPU.Build.0 = Debug|Any CPU
		{AA143AA6-A3FE-0A2B-FD31-110817B51313}.Release|Any CPU.ActiveCfg = Release|Any CPU
		{AA143AA6-A3FE-0A2B-FD31-110817B51313}.Release|Any CPU.Build.0 = Release|Any CPU
		{5480FAA2-4085-4140-B92A-C61C23E9C67A}.Debug|Any CPU.ActiveCfg = Debug|Any CPU
		{5480FAA2-4085-4140-B92A-C61C23E9C67A}.Debug|Any CPU.Build.0 = Debug|Any CPU
		{5480FAA2-4085-4140-B92A-C61C23E9C67A}.Release|Any CPU.ActiveCfg = Release|Any CPU
		{5480FAA2-4085-4140-B92A-C61C23E9C67A}.Release|Any CPU.Build.0 = Release|Any CPU
		{34D0DDA5-2F34-5351-02F3-D2B67E528193}.Debug|Any CPU.ActiveCfg = Debug|Any CPU
		{34D0DDA5-2F34-5351-02F3-D2B67E528193}.Debug|Any CPU.Build.0 = Debug|Any CPU
		{34D0DDA5-2F34-5351-02F3-D2B67E528193}.Release|Any CPU.ActiveCfg = Release|Any CPU
		{34D0DDA5-2F34-5351-02F3-D2B67E528193}.Release|Any CPU.Build.0 = Release|Any CPU
	EndGlobalSection
	GlobalSection(SolutionProperties) = preSolution
		HideSolutionNode = FALSE
	EndGlobalSection
	GlobalSection(ExtensibilityGlobals) = postSolution
		SolutionGuid = {FDBA8052-577A-4D75-9A0A-8BAB9535F47C}
	EndGlobalSection
EndGlobal
